
Microsoft Visual Studio Solution File, Format Version 12.00
# Visual Studio Version 17
VisualStudioVersion = 17.0.31815.197
MinimumVisualStudioVersion = 10.0.40219.1
Project("{9A19103F-16F7-4668-BE54-9A1E7A4F7556}") = "DCCRailway.Test", "DCCRailway.Test\DCCRailway.Test.csproj", "{5489776D-7885-48FE-AC7F-D92DC35EC324}"
EndProject
Project("{2150E333-8FDC-42A3-9474-1A3956D46DE8}") = "Solution Items", "Solution Items", "{6F70E846-73DB-4594-A751-E69418F37F09}"
	ProjectSection(SolutionItems) = preProject
		.editorconfig = .editorconfig
		.gitignore = .gitignore
		README.md = README.md
	EndProjectSection
EndProject
Project("{FAE04EC0-301F-11D3-BF4B-00C04F79EFBC}") = "DCCRailway.Manufacturer.Digitrax", "DCCRailway.Manufacturer.Digitrax\DCCRailway.Manufacturer.Digitrax.csproj", "{6CFEFF44-9DFA-4381-B640-AB9BF663ABBF}"
EndProject
Project("{FAE04EC0-301F-11D3-BF4B-00C04F79EFBC}") = "DCCRailway.Manufacturer.NCE", "DCCRailway.Manufacturer.NCE\DCCRailway.Manufacturer.NCE.csproj", "{814A4EEE-CDA5-4CE1-ACE8-AC64C8B68C86}"
EndProject
Project("{FAE04EC0-301F-11D3-BF4B-00C04F79EFBC}") = "DCCRailway.Manufacturer.Sprog", "DCCRailway.Manufacturer.Sprog\DCCRailway.Manufacturer.Sprog.csproj", "{483C03E0-FDE2-44DA-B10B-69069513F76B}"
EndProject
Project("{FAE04EC0-301F-11D3-BF4B-00C04F79EFBC}") = "DCCRailway.Manufacturer.Virtual", "DCCRailway.Manufacturer.Virtual\DCCRailway.Manufacturer.Virtual.csproj", "{18A6D007-3A4B-4326-B98A-9240DD72652B}"
EndProject
Project("{FAE04EC0-301F-11D3-BF4B-00C04F79EFBC}") = "DCCRailway.API", "DCCRailway.API\DCCRailway.API.csproj", "{0B939E40-DA36-44BD-8FF8-9D8F82E9050C}"
EndProject
Project("{FAE04EC0-301F-11D3-BF4B-00C04F79EFBC}") = "DCCRailway", "DCCRailway\DCCRailway.csproj", "{E61F9487-50EC-4021-A612-C90C6A9DBC6D}"
EndProject
Project("{FAE04EC0-301F-11D3-BF4B-00C04F79EFBC}") = "DCCRailway.Layout", "DCCRailway.Layout\DCCRailway.Layout.csproj", "{730BCE2E-CABE-4D6F-8692-02BFB76EDB56}"
EndProject
Project("{FAE04EC0-301F-11D3-BF4B-00C04F79EFBC}") = "DCCRailway.System", "DCCRailway.System\DCCRailway.System.csproj", "{DEB3B2F0-2A11-4060-872C-A0DA4018EAF1}"
EndProject
Project("{FAE04EC0-301F-11D3-BF4B-00C04F79EFBC}") = "DCCRailway.Common", "DCCRailway.Common\DCCRailway.Common.csproj", "{D554D553-153C-4964-A048-A1BA7E823433}"
EndProject
Project("{FAE04EC0-301F-11D3-BF4B-00C04F79EFBC}") = "DCCRailway.Common.Test", "DCCRailway.Common.Test\DCCRailway.Common.Test.csproj", "{2AB280A0-ACB1-4A27-AEB3-C83CBA30A65F}"
EndProject
Project("{FAE04EC0-301F-11D3-BF4B-00C04F79EFBC}") = "DCCRailway.System.Test", "DCCRailway.System.Test\DCCRailway.System.Test.csproj", "{9F7826B2-569F-47F1-9FAF-1862E7BFB396}"
EndProject
Project("{FAE04EC0-301F-11D3-BF4B-00C04F79EFBC}") = "DCCRailway.Layout.Test", "DCCRailway.Layout.Test\DCCRailway.Layout.Test.csproj", "{ECB148C2-8B76-46FB-B05B-10E0DFF70C31}"
EndProject
Global
	GlobalSection(SolutionConfigurationPlatforms) = preSolution
		Debug|Any CPU = Debug|Any CPU
		Release|Any CPU = Release|Any CPU
	EndGlobalSection
	GlobalSection(ProjectConfigurationPlatforms) = postSolution
		{5489776D-7885-48FE-AC7F-D92DC35EC324}.Debug|Any CPU.ActiveCfg = Debug|Any CPU
		{5489776D-7885-48FE-AC7F-D92DC35EC324}.Debug|Any CPU.Build.0 = Debug|Any CPU
		{5489776D-7885-48FE-AC7F-D92DC35EC324}.Release|Any CPU.ActiveCfg = Release|Any CPU
		{5489776D-7885-48FE-AC7F-D92DC35EC324}.Release|Any CPU.Build.0 = Release|Any CPU
		{6CFEFF44-9DFA-4381-B640-AB9BF663ABBF}.Debug|Any CPU.ActiveCfg = Debug|Any CPU
		{6CFEFF44-9DFA-4381-B640-AB9BF663ABBF}.Debug|Any CPU.Build.0 = Debug|Any CPU
		{6CFEFF44-9DFA-4381-B640-AB9BF663ABBF}.Release|Any CPU.ActiveCfg = Release|Any CPU
		{6CFEFF44-9DFA-4381-B640-AB9BF663ABBF}.Release|Any CPU.Build.0 = Release|Any CPU
		{814A4EEE-CDA5-4CE1-ACE8-AC64C8B68C86}.Debug|Any CPU.ActiveCfg = Debug|Any CPU
		{814A4EEE-CDA5-4CE1-ACE8-AC64C8B68C86}.Debug|Any CPU.Build.0 = Debug|Any CPU
		{814A4EEE-CDA5-4CE1-ACE8-AC64C8B68C86}.Release|Any CPU.ActiveCfg = Release|Any CPU
		{814A4EEE-CDA5-4CE1-ACE8-AC64C8B68C86}.Release|Any CPU.Build.0 = Release|Any CPU
		{483C03E0-FDE2-44DA-B10B-69069513F76B}.Debug|Any CPU.ActiveCfg = Debug|Any CPU
		{483C03E0-FDE2-44DA-B10B-69069513F76B}.Debug|Any CPU.Build.0 = Debug|Any CPU
		{483C03E0-FDE2-44DA-B10B-69069513F76B}.Release|Any CPU.ActiveCfg = Release|Any CPU
		{483C03E0-FDE2-44DA-B10B-69069513F76B}.Release|Any CPU.Build.0 = Release|Any CPU
		{18A6D007-3A4B-4326-B98A-9240DD72652B}.Debug|Any CPU.ActiveCfg = Debug|Any CPU
		{18A6D007-3A4B-4326-B98A-9240DD72652B}.Debug|Any CPU.Build.0 = Debug|Any CPU
		{18A6D007-3A4B-4326-B98A-9240DD72652B}.Release|Any CPU.ActiveCfg = Release|Any CPU
		{18A6D007-3A4B-4326-B98A-9240DD72652B}.Release|Any CPU.Build.0 = Release|Any CPU
		{0B939E40-DA36-44BD-8FF8-9D8F82E9050C}.Debug|Any CPU.ActiveCfg = Debug|Any CPU
		{0B939E40-DA36-44BD-8FF8-9D8F82E9050C}.Debug|Any CPU.Build.0 = Debug|Any CPU
		{0B939E40-DA36-44BD-8FF8-9D8F82E9050C}.Release|Any CPU.ActiveCfg = Release|Any CPU
		{0B939E40-DA36-44BD-8FF8-9D8F82E9050C}.Release|Any CPU.Build.0 = Release|Any CPU
		{E61F9487-50EC-4021-A612-C90C6A9DBC6D}.Debug|Any CPU.ActiveCfg = Debug|Any CPU
		{E61F9487-50EC-4021-A612-C90C6A9DBC6D}.Debug|Any CPU.Build.0 = Debug|Any CPU
		{E61F9487-50EC-4021-A612-C90C6A9DBC6D}.Release|Any CPU.ActiveCfg = Release|Any CPU
		{E61F9487-50EC-4021-A612-C90C6A9DBC6D}.Release|Any CPU.Build.0 = Release|Any CPU
		{730BCE2E-CABE-4D6F-8692-02BFB76EDB56}.Debug|Any CPU.ActiveCfg = Debug|Any CPU
		{730BCE2E-CABE-4D6F-8692-02BFB76EDB56}.Debug|Any CPU.Build.0 = Debug|Any CPU
		{730BCE2E-CABE-4D6F-8692-02BFB76EDB56}.Release|Any CPU.ActiveCfg = Release|Any CPU
		{730BCE2E-CABE-4D6F-8692-02BFB76EDB56}.Release|Any CPU.Build.0 = Release|Any CPU
		{DEB3B2F0-2A11-4060-872C-A0DA4018EAF1}.Debug|Any CPU.ActiveCfg = Debug|Any CPU
		{DEB3B2F0-2A11-4060-872C-A0DA4018EAF1}.Debug|Any CPU.Build.0 = Debug|Any CPU
		{DEB3B2F0-2A11-4060-872C-A0DA4018EAF1}.Release|Any CPU.ActiveCfg = Release|Any CPU
		{DEB3B2F0-2A11-4060-872C-A0DA4018EAF1}.Release|Any CPU.Build.0 = Release|Any CPU
		{D554D553-153C-4964-A048-A1BA7E823433}.Debug|Any CPU.ActiveCfg = Debug|Any CPU
		{D554D553-153C-4964-A048-A1BA7E823433}.Debug|Any CPU.Build.0 = Debug|Any CPU
		{D554D553-153C-4964-A048-A1BA7E823433}.Release|Any CPU.ActiveCfg = Release|Any CPU
		{D554D553-153C-4964-A048-A1BA7E823433}.Release|Any CPU.Build.0 = Release|Any CPU
		{2AB280A0-ACB1-4A27-AEB3-C83CBA30A65F}.Debug|Any CPU.ActiveCfg = Debug|Any CPU
		{2AB280A0-ACB1-4A27-AEB3-C83CBA30A65F}.Debug|Any CPU.Build.0 = Debug|Any CPU
		{2AB280A0-ACB1-4A27-AEB3-C83CBA30A65F}.Release|Any CPU.ActiveCfg = Release|Any CPU
		{2AB280A0-ACB1-4A27-AEB3-C83CBA30A65F}.Release|Any CPU.Build.0 = Release|Any CPU
		{9F7826B2-569F-47F1-9FAF-1862E7BFB396}.Debug|Any CPU.ActiveCfg = Debug|Any CPU
		{9F7826B2-569F-47F1-9FAF-1862E7BFB396}.Debug|Any CPU.Build.0 = Debug|Any CPU
		{9F7826B2-569F-47F1-9FAF-1862E7BFB396}.Release|Any CPU.ActiveCfg = Release|Any CPU
		{9F7826B2-569F-47F1-9FAF-1862E7BFB396}.Release|Any CPU.Build.0 = Release|Any CPU
		{ECB148C2-8B76-46FB-B05B-10E0DFF70C31}.Debug|Any CPU.ActiveCfg = Debug|Any CPU
		{ECB148C2-8B76-46FB-B05B-10E0DFF70C31}.Debug|Any CPU.Build.0 = Debug|Any CPU
		{ECB148C2-8B76-46FB-B05B-10E0DFF70C31}.Release|Any CPU.ActiveCfg = Release|Any CPU
		{ECB148C2-8B76-46FB-B05B-10E0DFF70C31}.Release|Any CPU.Build.0 = Release|Any CPU
	EndGlobalSection
	GlobalSection(SolutionProperties) = preSolution
		HideSolutionNode = FALSE
	EndGlobalSection
	GlobalSection(ExtensibilityGlobals) = postSolution
		SolutionGuid = {4B56E688-0168-46DC-A721-C71D1977B9EF}
	EndGlobalSection
	GlobalSection(MonoDevelopProperties) = preSolution
		Policies = $0
		$0.DotNetNamingPolicy = $1
		$1.DirectoryNamespaceAssociation = PrefixedHierarchical
	EndGlobalSection
	GlobalSection(NestedProjects) = preSolution
	EndGlobalSection
EndGlobal
